
Microsoft Visual Studio Solution File, Format Version 12.00
# Visual Studio Version 17
VisualStudioVersion = 17.5.002.0
MinimumVisualStudioVersion = 10.0.40219.1
Project("{FAE04EC0-301F-11D3-BF4B-00C04F79EFBC}") = "AuthService", "AuthService\AuthService.csproj", "{0BB2AA57-44DD-499B-A554-98859E7117D8}"
EndProject
Project("{FAE04EC0-301F-11D3-BF4B-00C04F79EFBC}") = "CartService", "CartService\CartService.csproj", "{056D6042-6DFF-48B9-AB4B-972A4A350D12}"
EndProject
Project("{FAE04EC0-301F-11D3-BF4B-00C04F79EFBC}") = "ProductService", "ProductService\ProductService.csproj", "{EE3C7276-0280-4E5C-9D8F-491F2D84400A}"
EndProject
Project("{FAE04EC0-301F-11D3-BF4B-00C04F79EFBC}") = "CouponService", "CouponService\CouponService.csproj", "{EA7A6870-DF87-471B-B7D4-0A9AB2C2BF85}"
EndProject
Project("{FAE04EC0-301F-11D3-BF4B-00C04F79EFBC}") = "MyShopMessageBus", "MyShopMessageBus\MyShopMessageBus.csproj", "{1F9D7EA3-9AA2-4AA0-A841-266FCA603E93}"
EndProject
Project("{FAE04EC0-301F-11D3-BF4B-00C04F79EFBC}") = "MailService", "MailService\MailService.csproj", "{C123BF29-87DB-4FCD-8292-DD43805FFFCF}"
EndProject
Project("{FAE04EC0-301F-11D3-BF4B-00C04F79EFBC}") = "Models", "Models\Models.csproj", "{EBE181EA-BEAB-44FC-ABFC-DFEE12CC6458}"
EndProject
Project("{FAE04EC0-301F-11D3-BF4B-00C04F79EFBC}") = "OrderService", "OrderService\OrderService.csproj", "{C5DE7B06-3B67-47AF-92C0-5E6CD2511B53}"
EndProject
Global
	GlobalSection(SolutionProperties) = preSolution
		HideSolutionNode = FALSE
	EndGlobalSection
	GlobalSection(ExtensibilityGlobals) = postSolution
		SolutionGuid = {C2159D69-EAA8-4FC3-A769-43DC4C642B5B}
	EndGlobalSection
	GlobalSection(SolutionConfigurationPlatforms) = preSolution
		Debug|Any CPU = Debug|Any CPU
		Debug|x64 = Debug|x64
		Debug|x86 = Debug|x86
		Release|Any CPU = Release|Any CPU
		Release|x64 = Release|x64
		Release|x86 = Release|x86
	EndGlobalSection
	GlobalSection(ProjectConfigurationPlatforms) = postSolution
		{0BB2AA57-44DD-499B-A554-98859E7117D8}.Debug|Any CPU.ActiveCfg = Debug|Any CPU
		{0BB2AA57-44DD-499B-A554-98859E7117D8}.Debug|Any CPU.Build.0 = Debug|Any CPU
		{0BB2AA57-44DD-499B-A554-98859E7117D8}.Debug|x64.ActiveCfg = Debug|Any CPU
		{0BB2AA57-44DD-499B-A554-98859E7117D8}.Debug|x64.Build.0 = Debug|Any CPU
		{0BB2AA57-44DD-499B-A554-98859E7117D8}.Debug|x86.ActiveCfg = Debug|Any CPU
		{0BB2AA57-44DD-499B-A554-98859E7117D8}.Debug|x86.Build.0 = Debug|Any CPU
		{0BB2AA57-44DD-499B-A554-98859E7117D8}.Release|Any CPU.ActiveCfg = Release|Any CPU
		{0BB2AA57-44DD-499B-A554-98859E7117D8}.Release|Any CPU.Build.0 = Release|Any CPU
		{0BB2AA57-44DD-499B-A554-98859E7117D8}.Release|x64.ActiveCfg = Release|Any CPU
		{0BB2AA57-44DD-499B-A554-98859E7117D8}.Release|x64.Build.0 = Release|Any CPU
		{0BB2AA57-44DD-499B-A554-98859E7117D8}.Release|x86.ActiveCfg = Release|Any CPU
		{0BB2AA57-44DD-499B-A554-98859E7117D8}.Release|x86.Build.0 = Release|Any CPU
		{056D6042-6DFF-48B9-AB4B-972A4A350D12}.Debug|Any CPU.ActiveCfg = Debug|Any CPU
		{056D6042-6DFF-48B9-AB4B-972A4A350D12}.Debug|Any CPU.Build.0 = Debug|Any CPU
		{056D6042-6DFF-48B9-AB4B-972A4A350D12}.Debug|x64.ActiveCfg = Debug|Any CPU
		{056D6042-6DFF-48B9-AB4B-972A4A350D12}.Debug|x64.Build.0 = Debug|Any CPU
		{056D6042-6DFF-48B9-AB4B-972A4A350D12}.Debug|x86.ActiveCfg = Debug|Any CPU
		{056D6042-6DFF-48B9-AB4B-972A4A350D12}.Debug|x86.Build.0 = Debug|Any CPU
		{056D6042-6DFF-48B9-AB4B-972A4A350D12}.Release|Any CPU.ActiveCfg = Release|Any CPU
		{056D6042-6DFF-48B9-AB4B-972A4A350D12}.Release|Any CPU.Build.0 = Release|Any CPU
		{056D6042-6DFF-48B9-AB4B-972A4A350D12}.Release|x64.ActiveCfg = Release|Any CPU
		{056D6042-6DFF-48B9-AB4B-972A4A350D12}.Release|x64.Build.0 = Release|Any CPU
		{056D6042-6DFF-48B9-AB4B-972A4A350D12}.Release|x86.ActiveCfg = Release|Any CPU
		{056D6042-6DFF-48B9-AB4B-972A4A350D12}.Release|x86.Build.0 = Release|Any CPU
		{EE3C7276-0280-4E5C-9D8F-491F2D84400A}.Debug|Any CPU.ActiveCfg = Debug|Any CPU
		{EE3C7276-0280-4E5C-9D8F-491F2D84400A}.Debug|Any CPU.Build.0 = Debug|Any CPU
		{EE3C7276-0280-4E5C-9D8F-491F2D84400A}.Debug|x64.ActiveCfg = Debug|Any CPU
		{EE3C7276-0280-4E5C-9D8F-491F2D84400A}.Debug|x64.Build.0 = Debug|Any CPU
		{EE3C7276-0280-4E5C-9D8F-491F2D84400A}.Debug|x86.ActiveCfg = Debug|Any CPU
		{EE3C7276-0280-4E5C-9D8F-491F2D84400A}.Debug|x86.Build.0 = Debug|Any CPU
		{EE3C7276-0280-4E5C-9D8F-491F2D84400A}.Release|Any CPU.ActiveCfg = Release|Any CPU
		{EE3C7276-0280-4E5C-9D8F-491F2D84400A}.Release|Any CPU.Build.0 = Release|Any CPU
		{EE3C7276-0280-4E5C-9D8F-491F2D84400A}.Release|x64.ActiveCfg = Release|Any CPU
		{EE3C7276-0280-4E5C-9D8F-491F2D84400A}.Release|x64.Build.0 = Release|Any CPU
		{EE3C7276-0280-4E5C-9D8F-491F2D84400A}.Release|x86.ActiveCfg = Release|Any CPU
		{EE3C7276-0280-4E5C-9D8F-491F2D84400A}.Release|x86.Build.0 = Release|Any CPU
		{EA7A6870-DF87-471B-B7D4-0A9AB2C2BF85}.Debug|Any CPU.ActiveCfg = Debug|Any CPU
		{EA7A6870-DF87-471B-B7D4-0A9AB2C2BF85}.Debug|Any CPU.Build.0 = Debug|Any CPU
		{EA7A6870-DF87-471B-B7D4-0A9AB2C2BF85}.Debug|x64.ActiveCfg = Debug|Any CPU
		{EA7A6870-DF87-471B-B7D4-0A9AB2C2BF85}.Debug|x64.Build.0 = Debug|Any CPU
		{EA7A6870-DF87-471B-B7D4-0A9AB2C2BF85}.Debug|x86.ActiveCfg = Debug|Any CPU
		{EA7A6870-DF87-471B-B7D4-0A9AB2C2BF85}.Debug|x86.Build.0 = Debug|Any CPU
		{EA7A6870-DF87-471B-B7D4-0A9AB2C2BF85}.Release|Any CPU.ActiveCfg = Release|Any CPU
		{EA7A6870-DF87-471B-B7D4-0A9AB2C2BF85}.Release|Any CPU.Build.0 = Release|Any CPU
		{EA7A6870-DF87-471B-B7D4-0A9AB2C2BF85}.Release|x64.ActiveCfg = Release|Any CPU
		{EA7A6870-DF87-471B-B7D4-0A9AB2C2BF85}.Release|x64.Build.0 = Release|Any CPU
		{EA7A6870-DF87-471B-B7D4-0A9AB2C2BF85}.Release|x86.ActiveCfg = Release|Any CPU
		{EA7A6870-DF87-471B-B7D4-0A9AB2C2BF85}.Release|x86.Build.0 = Release|Any CPU
		{1F9D7EA3-9AA2-4AA0-A841-266FCA603E93}.Debug|Any CPU.ActiveCfg = Debug|Any CPU
		{1F9D7EA3-9AA2-4AA0-A841-266FCA603E93}.Debug|Any CPU.Build.0 = Debug|Any CPU
		{1F9D7EA3-9AA2-4AA0-A841-266FCA603E93}.Debug|x64.ActiveCfg = Debug|Any CPU
		{1F9D7EA3-9AA2-4AA0-A841-266FCA603E93}.Debug|x64.Build.0 = Debug|Any CPU
		{1F9D7EA3-9AA2-4AA0-A841-266FCA603E93}.Debug|x86.ActiveCfg = Debug|Any CPU
		{1F9D7EA3-9AA2-4AA0-A841-266FCA603E93}.Debug|x86.Build.0 = Debug|Any CPU
		{1F9D7EA3-9AA2-4AA0-A841-266FCA603E93}.Release|Any CPU.ActiveCfg = Release|Any CPU
		{1F9D7EA3-9AA2-4AA0-A841-266FCA603E93}.Release|Any CPU.Build.0 = Release|Any CPU
		{1F9D7EA3-9AA2-4AA0-A841-266FCA603E93}.Release|x64.ActiveCfg = Release|Any CPU
		{1F9D7EA3-9AA2-4AA0-A841-266FCA603E93}.Release|x64.Build.0 = Release|Any CPU
		{1F9D7EA3-9AA2-4AA0-A841-266FCA603E93}.Release|x86.ActiveCfg = Release|Any CPU
		{1F9D7EA3-9AA2-4AA0-A841-266FCA603E93}.Release|x86.Build.0 = Release|Any CPU
		{C123BF29-87DB-4FCD-8292-DD43805FFFCF}.Debug|Any CPU.ActiveCfg = Debug|Any CPU
		{C123BF29-87DB-4FCD-8292-DD43805FFFCF}.Debug|Any CPU.Build.0 = Debug|Any CPU
		{C123BF29-87DB-4FCD-8292-DD43805FFFCF}.Debug|x64.ActiveCfg = Debug|Any CPU
		{C123BF29-87DB-4FCD-8292-DD43805FFFCF}.Debug|x64.Build.0 = Debug|Any CPU
		{C123BF29-87DB-4FCD-8292-DD43805FFFCF}.Debug|x86.ActiveCfg = Debug|Any CPU
		{C123BF29-87DB-4FCD-8292-DD43805FFFCF}.Debug|x86.Build.0 = Debug|Any CPU
		{C123BF29-87DB-4FCD-8292-DD43805FFFCF}.Release|Any CPU.ActiveCfg = Release|Any CPU
		{C123BF29-87DB-4FCD-8292-DD43805FFFCF}.Release|Any CPU.Build.0 = Release|Any CPU
		{C123BF29-87DB-4FCD-8292-DD43805FFFCF}.Release|x64.ActiveCfg = Release|Any CPU
		{C123BF29-87DB-4FCD-8292-DD43805FFFCF}.Release|x64.Build.0 = Release|Any CPU
		{C123BF29-87DB-4FCD-8292-DD43805FFFCF}.Release|x86.ActiveCfg = Release|Any CPU
		{C123BF29-87DB-4FCD-8292-DD43805FFFCF}.Release|x86.Build.0 = Release|Any CPU
		{EBE181EA-BEAB-44FC-ABFC-DFEE12CC6458}.Debug|Any CPU.ActiveCfg = Debug|Any CPU
		{EBE181EA-BEAB-44FC-ABFC-DFEE12CC6458}.Debug|Any CPU.Build.0 = Debug|Any CPU
		{EBE181EA-BEAB-44FC-ABFC-DFEE12CC6458}.Debug|x64.ActiveCfg = Debug|Any CPU
		{EBE181EA-BEAB-44FC-ABFC-DFEE12CC6458}.Debug|x64.Build.0 = Debug|Any CPU
		{EBE181EA-BEAB-44FC-ABFC-DFEE12CC6458}.Debug|x86.ActiveCfg = Debug|Any CPU
		{EBE181EA-BEAB-44FC-ABFC-DFEE12CC6458}.Debug|x86.Build.0 = Debug|Any CPU
		{EBE181EA-BEAB-44FC-ABFC-DFEE12CC6458}.Release|Any CPU.ActiveCfg = Release|Any CPU
		{EBE181EA-BEAB-44FC-ABFC-DFEE12CC6458}.Release|Any CPU.Build.0 = Release|Any CPU
		{EBE181EA-BEAB-44FC-ABFC-DFEE12CC6458}.Release|x64.ActiveCfg = Release|Any CPU
		{EBE181EA-BEAB-44FC-ABFC-DFEE12CC6458}.Release|x64.Build.0 = Release|Any CPU
		{EBE181EA-BEAB-44FC-ABFC-DFEE12CC6458}.Release|x86.ActiveCfg = Release|Any CPU
		{EBE181EA-BEAB-44FC-ABFC-DFEE12CC6458}.Release|x86.Build.0 = Release|Any CPU
		{C5DE7B06-3B67-47AF-92C0-5E6CD2511B53}.Debug|Any CPU.ActiveCfg = Debug|Any CPU
		{C5DE7B06-3B67-47AF-92C0-5E6CD2511B53}.Debug|Any CPU.Build.0 = Debug|Any CPU
		{C5DE7B06-3B67-47AF-92C0-5E6CD2511B53}.Debug|x64.ActiveCfg = Debug|Any CPU
		{C5DE7B06-3B67-47AF-92C0-5E6CD2511B53}.Debug|x64.Build.0 = Debug|Any CPU
		{C5DE7B06-3B67-47AF-92C0-5E6CD2511B53}.Debug|x86.ActiveCfg = Debug|Any CPU
		{C5DE7B06-3B67-47AF-92C0-5E6CD2511B53}.Debug|x86.Build.0 = Debug|Any CPU
		{C5DE7B06-3B67-47AF-92C0-5E6CD2511B53}.Release|Any CPU.ActiveCfg = Release|Any CPU
		{C5DE7B06-3B67-47AF-92C0-5E6CD2511B53}.Release|Any CPU.Build.0 = Release|Any CPU
		{C5DE7B06-3B67-47AF-92C0-5E6CD2511B53}.Release|x64.ActiveCfg = Release|Any CPU
		{C5DE7B06-3B67-47AF-92C0-5E6CD2511B53}.Release|x64.Build.0 = Release|Any CPU
		{C5DE7B06-3B67-47AF-92C0-5E6CD2511B53}.Release|x86.ActiveCfg = Release|Any CPU
		{C5DE7B06-3B67-47AF-92C0-5E6CD2511B53}.Release|x86.Build.0 = Release|Any CPU
	EndGlobalSection
EndGlobal
