
Microsoft Visual Studio Solution File, Format Version 12.00
# Visual Studio Version 17
VisualStudioVersion = 17.5.002.0
MinimumVisualStudioVersion = 10.0.40219.1
Project("{FAE04EC0-301F-11D3-BF4B-00C04F79EFBC}") = "Models", "Models\Models.csproj", "{EBE181EA-BEAB-44FC-ABFC-DFEE12CC6458}"
EndProject
Project("{2150E333-8FDC-42A3-9474-1A3956D46DE8}") = "Frontend", "Frontend", "{B582B308-4860-4620-AFD1-077F6F640172}"
EndProject
Project("{FAE04EC0-301F-11D3-BF4B-00C04F79EFBC}") = "MyShop", "Frontend\MyShop\MyShop.csproj", "{5E7D6BE7-60F2-4AB1-ABA5-17285D29EEA8}"
EndProject
Project("{2150E333-8FDC-42A3-9474-1A3956D46DE8}") = "Backend", "Backend", "{DF703D50-6070-4A10-9C76-9733BEBBEF6F}"
EndProject
Project("{FAE04EC0-301F-11D3-BF4B-00C04F79EFBC}") = "AuthService", "Backend\AuthService\AuthService.csproj", "{64DA42DC-CDC0-4F46-9BC2-6FFEF87B0F75}"
EndProject
Project("{FAE04EC0-301F-11D3-BF4B-00C04F79EFBC}") = "CartService", "Backend\CartService\CartService.csproj", "{9D09BDBD-A4BF-42BF-BCDE-9DD121C9BF60}"
EndProject
Project("{FAE04EC0-301F-11D3-BF4B-00C04F79EFBC}") = "CouponService", "Backend\CouponService\CouponService.csproj", "{602799E8-6F0F-449C-BC53-85A44D699EC1}"
EndProject
Project("{FAE04EC0-301F-11D3-BF4B-00C04F79EFBC}") = "MailService", "Backend\MailService\MailService.csproj", "{71E7635F-A5AF-4A5C-9868-D18701A2022D}"
EndProject
Project("{FAE04EC0-301F-11D3-BF4B-00C04F79EFBC}") = "OrderService", "Backend\OrderService\OrderService.csproj", "{6956A4B7-E570-4E10-84DA-3B9D0BA71610}"
EndProject
Project("{FAE04EC0-301F-11D3-BF4B-00C04F79EFBC}") = "ProductService", "Backend\ProductService\ProductService.csproj", "{72E38493-918D-4DE6-8544-74352D37C8F7}"
EndProject
Project("{FAE04EC0-301F-11D3-BF4B-00C04F79EFBC}") = "MyShopMessageBus", "Backend\MyShopMessageBus\MyShopMessageBus.csproj", "{EA23B353-902C-4DD2-B939-76425BA38AF2}"
EndProject
Project("{FAE04EC0-301F-11D3-BF4B-00C04F79EFBC}") = "Dukani", "Frontend\Dukani\Dukani.csproj", "{41D87463-73B8-4283-9522-FEA9728AFD92}"
EndProject
Project("{FAE04EC0-301F-11D3-BF4B-00C04F79EFBC}") = "MyShopUi", "Frontend\MyShopUi\MyShopUi.csproj", "{E189464B-7090-4D28-B8A8-5E7B2AD84668}"
EndProject
Project("{FAE04EC0-301F-11D3-BF4B-00C04F79EFBC}") = "DukaniUi", "Frontend\DukaniUi\DukaniUi.csproj", "{0E0E1503-0A92-42EE-A1F1-B3D955E91E3A}"
EndProject
Project("{FAE04EC0-301F-11D3-BF4B-00C04F79EFBC}") = "Shopr", "Frontend\Shopr\Shopr.csproj", "{E6976245-6062-4E16-8E2B-32975B1F70BC}"
EndProject
Project("{FAE04EC0-301F-11D3-BF4B-00C04F79EFBC}") = "ShoprUi", "Frontend\ShoprUi\ShoprUi.csproj", "{D595B50B-FEFD-4234-9698-56AA768C60B6}"
EndProject
Global
	GlobalSection(SolutionConfigurationPlatforms) = preSolution
		Debug|Any CPU = Debug|Any CPU
		Debug|x64 = Debug|x64
		Debug|x86 = Debug|x86
		Release|Any CPU = Release|Any CPU
		Release|x64 = Release|x64
		Release|x86 = Release|x86
	EndGlobalSection
	GlobalSection(ProjectConfigurationPlatforms) = postSolution
		{EBE181EA-BEAB-44FC-ABFC-DFEE12CC6458}.Debug|Any CPU.ActiveCfg = Debug|Any CPU
		{EBE181EA-BEAB-44FC-ABFC-DFEE12CC6458}.Debug|Any CPU.Build.0 = Debug|Any CPU
		{EBE181EA-BEAB-44FC-ABFC-DFEE12CC6458}.Debug|x64.ActiveCfg = Debug|Any CPU
		{EBE181EA-BEAB-44FC-ABFC-DFEE12CC6458}.Debug|x64.Build.0 = Debug|Any CPU
		{EBE181EA-BEAB-44FC-ABFC-DFEE12CC6458}.Debug|x86.ActiveCfg = Debug|Any CPU
		{EBE181EA-BEAB-44FC-ABFC-DFEE12CC6458}.Debug|x86.Build.0 = Debug|Any CPU
		{EBE181EA-BEAB-44FC-ABFC-DFEE12CC6458}.Release|Any CPU.ActiveCfg = Release|Any CPU
		{EBE181EA-BEAB-44FC-ABFC-DFEE12CC6458}.Release|Any CPU.Build.0 = Release|Any CPU
		{EBE181EA-BEAB-44FC-ABFC-DFEE12CC6458}.Release|x64.ActiveCfg = Release|Any CPU
		{EBE181EA-BEAB-44FC-ABFC-DFEE12CC6458}.Release|x64.Build.0 = Release|Any CPU
		{EBE181EA-BEAB-44FC-ABFC-DFEE12CC6458}.Release|x86.ActiveCfg = Release|Any CPU
		{EBE181EA-BEAB-44FC-ABFC-DFEE12CC6458}.Release|x86.Build.0 = Release|Any CPU
		{5E7D6BE7-60F2-4AB1-ABA5-17285D29EEA8}.Debug|Any CPU.ActiveCfg = Debug|Any CPU
		{5E7D6BE7-60F2-4AB1-ABA5-17285D29EEA8}.Debug|Any CPU.Build.0 = Debug|Any CPU
		{5E7D6BE7-60F2-4AB1-ABA5-17285D29EEA8}.Debug|x64.ActiveCfg = Debug|Any CPU
		{5E7D6BE7-60F2-4AB1-ABA5-17285D29EEA8}.Debug|x64.Build.0 = Debug|Any CPU
		{5E7D6BE7-60F2-4AB1-ABA5-17285D29EEA8}.Debug|x86.ActiveCfg = Debug|Any CPU
		{5E7D6BE7-60F2-4AB1-ABA5-17285D29EEA8}.Debug|x86.Build.0 = Debug|Any CPU
		{5E7D6BE7-60F2-4AB1-ABA5-17285D29EEA8}.Release|Any CPU.ActiveCfg = Release|Any CPU
		{5E7D6BE7-60F2-4AB1-ABA5-17285D29EEA8}.Release|Any CPU.Build.0 = Release|Any CPU
		{5E7D6BE7-60F2-4AB1-ABA5-17285D29EEA8}.Release|x64.ActiveCfg = Release|Any CPU
		{5E7D6BE7-60F2-4AB1-ABA5-17285D29EEA8}.Release|x64.Build.0 = Release|Any CPU
		{5E7D6BE7-60F2-4AB1-ABA5-17285D29EEA8}.Release|x86.ActiveCfg = Release|Any CPU
		{5E7D6BE7-60F2-4AB1-ABA5-17285D29EEA8}.Release|x86.Build.0 = Release|Any CPU
		{64DA42DC-CDC0-4F46-9BC2-6FFEF87B0F75}.Debug|Any CPU.ActiveCfg = Debug|Any CPU
		{64DA42DC-CDC0-4F46-9BC2-6FFEF87B0F75}.Debug|Any CPU.Build.0 = Debug|Any CPU
		{64DA42DC-CDC0-4F46-9BC2-6FFEF87B0F75}.Debug|x64.ActiveCfg = Debug|Any CPU
		{64DA42DC-CDC0-4F46-9BC2-6FFEF87B0F75}.Debug|x64.Build.0 = Debug|Any CPU
		{64DA42DC-CDC0-4F46-9BC2-6FFEF87B0F75}.Debug|x86.ActiveCfg = Debug|Any CPU
		{64DA42DC-CDC0-4F46-9BC2-6FFEF87B0F75}.Debug|x86.Build.0 = Debug|Any CPU
		{64DA42DC-CDC0-4F46-9BC2-6FFEF87B0F75}.Release|Any CPU.ActiveCfg = Release|Any CPU
		{64DA42DC-CDC0-4F46-9BC2-6FFEF87B0F75}.Release|Any CPU.Build.0 = Release|Any CPU
		{64DA42DC-CDC0-4F46-9BC2-6FFEF87B0F75}.Release|x64.ActiveCfg = Release|Any CPU
		{64DA42DC-CDC0-4F46-9BC2-6FFEF87B0F75}.Release|x64.Build.0 = Release|Any CPU
		{64DA42DC-CDC0-4F46-9BC2-6FFEF87B0F75}.Release|x86.ActiveCfg = Release|Any CPU
		{64DA42DC-CDC0-4F46-9BC2-6FFEF87B0F75}.Release|x86.Build.0 = Release|Any CPU
		{9D09BDBD-A4BF-42BF-BCDE-9DD121C9BF60}.Debug|Any CPU.ActiveCfg = Debug|Any CPU
		{9D09BDBD-A4BF-42BF-BCDE-9DD121C9BF60}.Debug|Any CPU.Build.0 = Debug|Any CPU
		{9D09BDBD-A4BF-42BF-BCDE-9DD121C9BF60}.Debug|x64.ActiveCfg = Debug|Any CPU
		{9D09BDBD-A4BF-42BF-BCDE-9DD121C9BF60}.Debug|x64.Build.0 = Debug|Any CPU
		{9D09BDBD-A4BF-42BF-BCDE-9DD121C9BF60}.Debug|x86.ActiveCfg = Debug|Any CPU
		{9D09BDBD-A4BF-42BF-BCDE-9DD121C9BF60}.Debug|x86.Build.0 = Debug|Any CPU
		{9D09BDBD-A4BF-42BF-BCDE-9DD121C9BF60}.Release|Any CPU.ActiveCfg = Release|Any CPU
		{9D09BDBD-A4BF-42BF-BCDE-9DD121C9BF60}.Release|Any CPU.Build.0 = Release|Any CPU
		{9D09BDBD-A4BF-42BF-BCDE-9DD121C9BF60}.Release|x64.ActiveCfg = Release|Any CPU
		{9D09BDBD-A4BF-42BF-BCDE-9DD121C9BF60}.Release|x64.Build.0 = Release|Any CPU
		{9D09BDBD-A4BF-42BF-BCDE-9DD121C9BF60}.Release|x86.ActiveCfg = Release|Any CPU
		{9D09BDBD-A4BF-42BF-BCDE-9DD121C9BF60}.Release|x86.Build.0 = Release|Any CPU
		{602799E8-6F0F-449C-BC53-85A44D699EC1}.Debug|Any CPU.ActiveCfg = Debug|Any CPU
		{602799E8-6F0F-449C-BC53-85A44D699EC1}.Debug|Any CPU.Build.0 = Debug|Any CPU
		{602799E8-6F0F-449C-BC53-85A44D699EC1}.Debug|x64.ActiveCfg = Debug|Any CPU
		{602799E8-6F0F-449C-BC53-85A44D699EC1}.Debug|x64.Build.0 = Debug|Any CPU
		{602799E8-6F0F-449C-BC53-85A44D699EC1}.Debug|x86.ActiveCfg = Debug|Any CPU
		{602799E8-6F0F-449C-BC53-85A44D699EC1}.Debug|x86.Build.0 = Debug|Any CPU
		{602799E8-6F0F-449C-BC53-85A44D699EC1}.Release|Any CPU.ActiveCfg = Release|Any CPU
		{602799E8-6F0F-449C-BC53-85A44D699EC1}.Release|Any CPU.Build.0 = Release|Any CPU
		{602799E8-6F0F-449C-BC53-85A44D699EC1}.Release|x64.ActiveCfg = Release|Any CPU
		{602799E8-6F0F-449C-BC53-85A44D699EC1}.Release|x64.Build.0 = Release|Any CPU
		{602799E8-6F0F-449C-BC53-85A44D699EC1}.Release|x86.ActiveCfg = Release|Any CPU
		{602799E8-6F0F-449C-BC53-85A44D699EC1}.Release|x86.Build.0 = Release|Any CPU
		{71E7635F-A5AF-4A5C-9868-D18701A2022D}.Debug|Any CPU.ActiveCfg = Debug|Any CPU
		{71E7635F-A5AF-4A5C-9868-D18701A2022D}.Debug|Any CPU.Build.0 = Debug|Any CPU
		{71E7635F-A5AF-4A5C-9868-D18701A2022D}.Debug|x64.ActiveCfg = Debug|Any CPU
		{71E7635F-A5AF-4A5C-9868-D18701A2022D}.Debug|x64.Build.0 = Debug|Any CPU
		{71E7635F-A5AF-4A5C-9868-D18701A2022D}.Debug|x86.ActiveCfg = Debug|Any CPU
		{71E7635F-A5AF-4A5C-9868-D18701A2022D}.Debug|x86.Build.0 = Debug|Any CPU
		{71E7635F-A5AF-4A5C-9868-D18701A2022D}.Release|Any CPU.ActiveCfg = Release|Any CPU
		{71E7635F-A5AF-4A5C-9868-D18701A2022D}.Release|Any CPU.Build.0 = Release|Any CPU
		{71E7635F-A5AF-4A5C-9868-D18701A2022D}.Release|x64.ActiveCfg = Release|Any CPU
		{71E7635F-A5AF-4A5C-9868-D18701A2022D}.Release|x64.Build.0 = Release|Any CPU
		{71E7635F-A5AF-4A5C-9868-D18701A2022D}.Release|x86.ActiveCfg = Release|Any CPU
		{71E7635F-A5AF-4A5C-9868-D18701A2022D}.Release|x86.Build.0 = Release|Any CPU
		{6956A4B7-E570-4E10-84DA-3B9D0BA71610}.Debug|Any CPU.ActiveCfg = Debug|Any CPU
		{6956A4B7-E570-4E10-84DA-3B9D0BA71610}.Debug|Any CPU.Build.0 = Debug|Any CPU
		{6956A4B7-E570-4E10-84DA-3B9D0BA71610}.Debug|x64.ActiveCfg = Debug|Any CPU
		{6956A4B7-E570-4E10-84DA-3B9D0BA71610}.Debug|x64.Build.0 = Debug|Any CPU
		{6956A4B7-E570-4E10-84DA-3B9D0BA71610}.Debug|x86.ActiveCfg = Debug|Any CPU
		{6956A4B7-E570-4E10-84DA-3B9D0BA71610}.Debug|x86.Build.0 = Debug|Any CPU
		{6956A4B7-E570-4E10-84DA-3B9D0BA71610}.Release|Any CPU.ActiveCfg = Release|Any CPU
		{6956A4B7-E570-4E10-84DA-3B9D0BA71610}.Release|Any CPU.Build.0 = Release|Any CPU
		{6956A4B7-E570-4E10-84DA-3B9D0BA71610}.Release|x64.ActiveCfg = Release|Any CPU
		{6956A4B7-E570-4E10-84DA-3B9D0BA71610}.Release|x64.Build.0 = Release|Any CPU
		{6956A4B7-E570-4E10-84DA-3B9D0BA71610}.Release|x86.ActiveCfg = Release|Any CPU
		{6956A4B7-E570-4E10-84DA-3B9D0BA71610}.Release|x86.Build.0 = Release|Any CPU
		{72E38493-918D-4DE6-8544-74352D37C8F7}.Debug|Any CPU.ActiveCfg = Debug|Any CPU
		{72E38493-918D-4DE6-8544-74352D37C8F7}.Debug|Any CPU.Build.0 = Debug|Any CPU
		{72E38493-918D-4DE6-8544-74352D37C8F7}.Debug|x64.ActiveCfg = Debug|Any CPU
		{72E38493-918D-4DE6-8544-74352D37C8F7}.Debug|x64.Build.0 = Debug|Any CPU
		{72E38493-918D-4DE6-8544-74352D37C8F7}.Debug|x86.ActiveCfg = Debug|Any CPU
		{72E38493-918D-4DE6-8544-74352D37C8F7}.Debug|x86.Build.0 = Debug|Any CPU
		{72E38493-918D-4DE6-8544-74352D37C8F7}.Release|Any CPU.ActiveCfg = Release|Any CPU
		{72E38493-918D-4DE6-8544-74352D37C8F7}.Release|Any CPU.Build.0 = Release|Any CPU
		{72E38493-918D-4DE6-8544-74352D37C8F7}.Release|x64.ActiveCfg = Release|Any CPU
		{72E38493-918D-4DE6-8544-74352D37C8F7}.Release|x64.Build.0 = Release|Any CPU
		{72E38493-918D-4DE6-8544-74352D37C8F7}.Release|x86.ActiveCfg = Release|Any CPU
		{72E38493-918D-4DE6-8544-74352D37C8F7}.Release|x86.Build.0 = Release|Any CPU
		{EA23B353-902C-4DD2-B939-76425BA38AF2}.Debug|Any CPU.ActiveCfg = Debug|Any CPU
		{EA23B353-902C-4DD2-B939-76425BA38AF2}.Debug|Any CPU.Build.0 = Debug|Any CPU
		{EA23B353-902C-4DD2-B939-76425BA38AF2}.Debug|x64.ActiveCfg = Debug|Any CPU
		{EA23B353-902C-4DD2-B939-76425BA38AF2}.Debug|x64.Build.0 = Debug|Any CPU
		{EA23B353-902C-4DD2-B939-76425BA38AF2}.Debug|x86.ActiveCfg = Debug|Any CPU
		{EA23B353-902C-4DD2-B939-76425BA38AF2}.Debug|x86.Build.0 = Debug|Any CPU
		{EA23B353-902C-4DD2-B939-76425BA38AF2}.Release|Any CPU.ActiveCfg = Release|Any CPU
		{EA23B353-902C-4DD2-B939-76425BA38AF2}.Release|Any CPU.Build.0 = Release|Any CPU
		{EA23B353-902C-4DD2-B939-76425BA38AF2}.Release|x64.ActiveCfg = Release|Any CPU
		{EA23B353-902C-4DD2-B939-76425BA38AF2}.Release|x64.Build.0 = Release|Any CPU
		{EA23B353-902C-4DD2-B939-76425BA38AF2}.Release|x86.ActiveCfg = Release|Any CPU
		{EA23B353-902C-4DD2-B939-76425BA38AF2}.Release|x86.Build.0 = Release|Any CPU
		{41D87463-73B8-4283-9522-FEA9728AFD92}.Debug|Any CPU.ActiveCfg = Debug|Any CPU
		{41D87463-73B8-4283-9522-FEA9728AFD92}.Debug|Any CPU.Build.0 = Debug|Any CPU
		{41D87463-73B8-4283-9522-FEA9728AFD92}.Debug|x64.ActiveCfg = Debug|Any CPU
		{41D87463-73B8-4283-9522-FEA9728AFD92}.Debug|x64.Build.0 = Debug|Any CPU
		{41D87463-73B8-4283-9522-FEA9728AFD92}.Debug|x86.ActiveCfg = Debug|Any CPU
		{41D87463-73B8-4283-9522-FEA9728AFD92}.Debug|x86.Build.0 = Debug|Any CPU
		{41D87463-73B8-4283-9522-FEA9728AFD92}.Release|Any CPU.ActiveCfg = Release|Any CPU
		{41D87463-73B8-4283-9522-FEA9728AFD92}.Release|Any CPU.Build.0 = Release|Any CPU
		{41D87463-73B8-4283-9522-FEA9728AFD92}.Release|x64.ActiveCfg = Release|Any CPU
		{41D87463-73B8-4283-9522-FEA9728AFD92}.Release|x64.Build.0 = Release|Any CPU
		{41D87463-73B8-4283-9522-FEA9728AFD92}.Release|x86.ActiveCfg = Release|Any CPU
		{41D87463-73B8-4283-9522-FEA9728AFD92}.Release|x86.Build.0 = Release|Any CPU
		{E189464B-7090-4D28-B8A8-5E7B2AD84668}.Debug|Any CPU.ActiveCfg = Debug|Any CPU
		{E189464B-7090-4D28-B8A8-5E7B2AD84668}.Debug|Any CPU.Build.0 = Debug|Any CPU
		{E189464B-7090-4D28-B8A8-5E7B2AD84668}.Debug|x64.ActiveCfg = Debug|Any CPU
		{E189464B-7090-4D28-B8A8-5E7B2AD84668}.Debug|x64.Build.0 = Debug|Any CPU
		{E189464B-7090-4D28-B8A8-5E7B2AD84668}.Debug|x86.ActiveCfg = Debug|Any CPU
		{E189464B-7090-4D28-B8A8-5E7B2AD84668}.Debug|x86.Build.0 = Debug|Any CPU
		{E189464B-7090-4D28-B8A8-5E7B2AD84668}.Release|Any CPU.ActiveCfg = Release|Any CPU
		{E189464B-7090-4D28-B8A8-5E7B2AD84668}.Release|Any CPU.Build.0 = Release|Any CPU
		{E189464B-7090-4D28-B8A8-5E7B2AD84668}.Release|x64.ActiveCfg = Release|Any CPU
		{E189464B-7090-4D28-B8A8-5E7B2AD84668}.Release|x64.Build.0 = Release|Any CPU
		{E189464B-7090-4D28-B8A8-5E7B2AD84668}.Release|x86.ActiveCfg = Release|Any CPU
		{E189464B-7090-4D28-B8A8-5E7B2AD84668}.Release|x86.Build.0 = Release|Any CPU
		{0E0E1503-0A92-42EE-A1F1-B3D955E91E3A}.Debug|Any CPU.ActiveCfg = Debug|Any CPU
		{0E0E1503-0A92-42EE-A1F1-B3D955E91E3A}.Debug|Any CPU.Build.0 = Debug|Any CPU
		{0E0E1503-0A92-42EE-A1F1-B3D955E91E3A}.Debug|x64.ActiveCfg = Debug|Any CPU
		{0E0E1503-0A92-42EE-A1F1-B3D955E91E3A}.Debug|x64.Build.0 = Debug|Any CPU
		{0E0E1503-0A92-42EE-A1F1-B3D955E91E3A}.Debug|x86.ActiveCfg = Debug|Any CPU
		{0E0E1503-0A92-42EE-A1F1-B3D955E91E3A}.Debug|x86.Build.0 = Debug|Any CPU
		{0E0E1503-0A92-42EE-A1F1-B3D955E91E3A}.Release|Any CPU.ActiveCfg = Release|Any CPU
		{0E0E1503-0A92-42EE-A1F1-B3D955E91E3A}.Release|Any CPU.Build.0 = Release|Any CPU
		{0E0E1503-0A92-42EE-A1F1-B3D955E91E3A}.Release|x64.ActiveCfg = Release|Any CPU
		{0E0E1503-0A92-42EE-A1F1-B3D955E91E3A}.Release|x64.Build.0 = Release|Any CPU
		{0E0E1503-0A92-42EE-A1F1-B3D955E91E3A}.Release|x86.ActiveCfg = Release|Any CPU
		{0E0E1503-0A92-42EE-A1F1-B3D955E91E3A}.Release|x86.Build.0 = Release|Any CPU
		{E6976245-6062-4E16-8E2B-32975B1F70BC}.Debug|Any CPU.ActiveCfg = Debug|Any CPU
		{E6976245-6062-4E16-8E2B-32975B1F70BC}.Debug|Any CPU.Build.0 = Debug|Any CPU
		{E6976245-6062-4E16-8E2B-32975B1F70BC}.Debug|x64.ActiveCfg = Debug|Any CPU
		{E6976245-6062-4E16-8E2B-32975B1F70BC}.Debug|x64.Build.0 = Debug|Any CPU
		{E6976245-6062-4E16-8E2B-32975B1F70BC}.Debug|x86.ActiveCfg = Debug|Any CPU
		{E6976245-6062-4E16-8E2B-32975B1F70BC}.Debug|x86.Build.0 = Debug|Any CPU
		{E6976245-6062-4E16-8E2B-32975B1F70BC}.Release|Any CPU.ActiveCfg = Release|Any CPU
		{E6976245-6062-4E16-8E2B-32975B1F70BC}.Release|Any CPU.Build.0 = Release|Any CPU
		{E6976245-6062-4E16-8E2B-32975B1F70BC}.Release|x64.ActiveCfg = Release|Any CPU
		{E6976245-6062-4E16-8E2B-32975B1F70BC}.Release|x64.Build.0 = Release|Any CPU
		{E6976245-6062-4E16-8E2B-32975B1F70BC}.Release|x86.ActiveCfg = Release|Any CPU
		{E6976245-6062-4E16-8E2B-32975B1F70BC}.Release|x86.Build.0 = Release|Any CPU
		{D595B50B-FEFD-4234-9698-56AA768C60B6}.Debug|Any CPU.ActiveCfg = Debug|Any CPU
		{D595B50B-FEFD-4234-9698-56AA768C60B6}.Debug|Any CPU.Build.0 = Debug|Any CPU
		{D595B50B-FEFD-4234-9698-56AA768C60B6}.Debug|x64.ActiveCfg = Debug|Any CPU
		{D595B50B-FEFD-4234-9698-56AA768C60B6}.Debug|x64.Build.0 = Debug|Any CPU
		{D595B50B-FEFD-4234-9698-56AA768C60B6}.Debug|x86.ActiveCfg = Debug|Any CPU
		{D595B50B-FEFD-4234-9698-56AA768C60B6}.Debug|x86.Build.0 = Debug|Any CPU
		{D595B50B-FEFD-4234-9698-56AA768C60B6}.Release|Any CPU.ActiveCfg = Release|Any CPU
		{D595B50B-FEFD-4234-9698-56AA768C60B6}.Release|Any CPU.Build.0 = Release|Any CPU
		{D595B50B-FEFD-4234-9698-56AA768C60B6}.Release|x64.ActiveCfg = Release|Any CPU
		{D595B50B-FEFD-4234-9698-56AA768C60B6}.Release|x64.Build.0 = Release|Any CPU
		{D595B50B-FEFD-4234-9698-56AA768C60B6}.Release|x86.ActiveCfg = Release|Any CPU
		{D595B50B-FEFD-4234-9698-56AA768C60B6}.Release|x86.Build.0 = Release|Any CPU
	EndGlobalSection
	GlobalSection(SolutionProperties) = preSolution
		HideSolutionNode = FALSE
	EndGlobalSection
	GlobalSection(NestedProjects) = preSolution
		{5E7D6BE7-60F2-4AB1-ABA5-17285D29EEA8} = {B582B308-4860-4620-AFD1-077F6F640172}
		{64DA42DC-CDC0-4F46-9BC2-6FFEF87B0F75} = {DF703D50-6070-4A10-9C76-9733BEBBEF6F}
		{9D09BDBD-A4BF-42BF-BCDE-9DD121C9BF60} = {DF703D50-6070-4A10-9C76-9733BEBBEF6F}
		{602799E8-6F0F-449C-BC53-85A44D699EC1} = {DF703D50-6070-4A10-9C76-9733BEBBEF6F}
		{71E7635F-A5AF-4A5C-9868-D18701A2022D} = {DF703D50-6070-4A10-9C76-9733BEBBEF6F}
		{6956A4B7-E570-4E10-84DA-3B9D0BA71610} = {DF703D50-6070-4A10-9C76-9733BEBBEF6F}
		{72E38493-918D-4DE6-8544-74352D37C8F7} = {DF703D50-6070-4A10-9C76-9733BEBBEF6F}
		{EA23B353-902C-4DD2-B939-76425BA38AF2} = {DF703D50-6070-4A10-9C76-9733BEBBEF6F}
		{41D87463-73B8-4283-9522-FEA9728AFD92} = {B582B308-4860-4620-AFD1-077F6F640172}
		{E189464B-7090-4D28-B8A8-5E7B2AD84668} = {B582B308-4860-4620-AFD1-077F6F640172}
		{0E0E1503-0A92-42EE-A1F1-B3D955E91E3A} = {B582B308-4860-4620-AFD1-077F6F640172}
		{E6976245-6062-4E16-8E2B-32975B1F70BC} = {B582B308-4860-4620-AFD1-077F6F640172}
		{D595B50B-FEFD-4234-9698-56AA768C60B6} = {B582B308-4860-4620-AFD1-077F6F640172}
	EndGlobalSection
	GlobalSection(ExtensibilityGlobals) = postSolution
		SolutionGuid = {C2159D69-EAA8-4FC3-A769-43DC4C642B5B}
	EndGlobalSection
EndGlobal
